
Microsoft Visual Studio Solution File, Format Version 12.00
# Visual Studio 15
VisualStudioVersion = 15.0.28010.2046
MinimumVisualStudioVersion = 10.0.40219.1
Project("{FAE04EC0-301F-11D3-BF4B-00C04F79EFBC}") = "WpfRelayCommandWithParam", "WpfRelayCommandWithParam\WpfRelayCommandWithParam.csproj", "{A2D55E65-DBD1-40D7-9B31-B3195182A756}"
EndProject
Global
	GlobalSection(SolutionConfigurationPlatforms) = preSolution
		Debug|Any CPU = Debug|Any CPU
		Release|Any CPU = Release|Any CPU
	EndGlobalSection
	GlobalSection(ProjectConfigurationPlatforms) = postSolution
		{A2D55E65-DBD1-40D7-9B31-B3195182A756}.Debug|Any CPU.ActiveCfg = Debug|Any CPU
		{A2D55E65-DBD1-40D7-9B31-B3195182A756}.Debug|Any CPU.Build.0 = Debug|Any CPU
		{A2D55E65-DBD1-40D7-9B31-B3195182A756}.Release|Any CPU.ActiveCfg = Release|Any CPU
		{A2D55E65-DBD1-40D7-9B31-B3195182A756}.Release|Any CPU.Build.0 = Release|Any CPU
	EndGlobalSection
	GlobalSection(SolutionProperties) = preSolution
		HideSolutionNode = FALSE
	EndGlobalSection
	GlobalSection(ExtensibilityGlobals) = postSolution
		SolutionGuid = {DFEF51C4-144E-4185-863E-FCA7E17D9A7A}
	EndGlobalSection
EndGlobal
